
Microsoft Visual Studio Solution File, Format Version 11.00
# Visual Studio 2010
Project("{FAE04EC0-301F-11D3-BF4B-00C04F79EFBC}") = "Assembly-CSharp-firstpass", "Assembly-CSharp-firstpass.csproj", "{FBF0599F-8044-1F9E-CB62-DA54A5153CF6}"
EndProject
Project("{FAE04EC0-301F-11D3-BF4B-00C04F79EFBC}") = "Assembly-CSharp", "Assembly-CSharp.csproj", "{AF578679-C19B-545B-09C6-8EBE79765276}"
EndProject
Global
	GlobalSection(SolutionConfigurationPlatforms) = preSolution
		Debug|Any CPU = Debug|Any CPU
		Release|Any CPU = Release|Any CPU
	EndGlobalSection
	GlobalSection(ProjectConfigurationPlatforms) = postSolution
		{FBF0599F-8044-1F9E-CB62-DA54A5153CF6}.Debug|Any CPU.ActiveCfg = Debug|Any CPU
		{FBF0599F-8044-1F9E-CB62-DA54A5153CF6}.Debug|Any CPU.Build.0 = Debug|Any CPU
		{FBF0599F-8044-1F9E-CB62-DA54A5153CF6}.Release|Any CPU.ActiveCfg = Release|Any CPU
		{FBF0599F-8044-1F9E-CB62-DA54A5153CF6}.Release|Any CPU.Build.0 = Release|Any CPU
		{AF578679-C19B-545B-09C6-8EBE79765276}.Debug|Any CPU.ActiveCfg = Debug|Any CPU
		{AF578679-C19B-545B-09C6-8EBE79765276}.Debug|Any CPU.Build.0 = Debug|Any CPU
		{AF578679-C19B-545B-09C6-8EBE79765276}.Release|Any CPU.ActiveCfg = Release|Any CPU
		{AF578679-C19B-545B-09C6-8EBE79765276}.Release|Any CPU.Build.0 = Release|Any CPU
	EndGlobalSection
	GlobalSection(SolutionProperties) = preSolution
		HideSolutionNode = FALSE
	EndGlobalSection
	GlobalSection(MonoDevelopProperties) = preSolution
		StartupItem = Assembly-CSharp.csproj
	EndGlobalSection
EndGlobal
